
Microsoft Visual Studio Solution File, Format Version 12.00
# Visual Studio Version 16
VisualStudioVersion = 16.0.31112.23
MinimumVisualStudioVersion = 10.0.40219.1
Project("{FAE04EC0-301F-11D3-BF4B-00C04F79EFBC}") = "Lab_2_Project", "Lab_2_Project\Lab_2_Project.csproj", "{436BF900-8E0C-4BE2-B422-3B978428E824}"
EndProject
Project("{9A19103F-16F7-4668-BE54-9A1E7A4F7556}") = "Lab1Person", "..\Lab2Person\Lab1Person.csproj", "{062FE354-F3DF-4B11-BA4F-AE28433A30EE}"
EndProject
Global
	GlobalSection(SolutionConfigurationPlatforms) = preSolution
		Debug|Any CPU = Debug|Any CPU
		Release|Any CPU = Release|Any CPU
	EndGlobalSection
	GlobalSection(ProjectConfigurationPlatforms) = postSolution
		{436BF900-8E0C-4BE2-B422-3B978428E824}.Debug|Any CPU.ActiveCfg = Debug|Any CPU
		{436BF900-8E0C-4BE2-B422-3B978428E824}.Debug|Any CPU.Build.0 = Debug|Any CPU
		{436BF900-8E0C-4BE2-B422-3B978428E824}.Release|Any CPU.ActiveCfg = Release|Any CPU
		{436BF900-8E0C-4BE2-B422-3B978428E824}.Release|Any CPU.Build.0 = Release|Any CPU
		{062FE354-F3DF-4B11-BA4F-AE28433A30EE}.Debug|Any CPU.ActiveCfg = Debug|Any CPU
		{062FE354-F3DF-4B11-BA4F-AE28433A30EE}.Debug|Any CPU.Build.0 = Debug|Any CPU
		{062FE354-F3DF-4B11-BA4F-AE28433A30EE}.Release|Any CPU.ActiveCfg = Release|Any CPU
		{062FE354-F3DF-4B11-BA4F-AE28433A30EE}.Release|Any CPU.Build.0 = Release|Any CPU
	EndGlobalSection
	GlobalSection(SolutionProperties) = preSolution
		HideSolutionNode = FALSE
	EndGlobalSection
	GlobalSection(ExtensibilityGlobals) = postSolution
		SolutionGuid = {588E2CEC-D540-4ACB-B209-69A111AFEFA6}
	EndGlobalSection
EndGlobal
